
Microsoft Visual Studio Solution File, Format Version 12.00
# Visual Studio 15
VisualStudioVersion = 15.0.26403.7
MinimumVisualStudioVersion = 10.0.40219.1
Project("{FAE04EC0-301F-11D3-BF4B-00C04F79EFBC}") = "ProjectRefToPackage", "ProjectRefToPackage\ProjectRefToPackage.csproj", "{AC5D9394-9F96-43C4-BFC3-5EC38173D422}"
EndProject
Project("{2150E333-8FDC-42A3-9474-1A3956D46DE8}") = "NugetPackage", "NugetPackage", "{33761380-C006-45E5-BAA1-3C595856C225}"
	ProjectSection(SolutionItems) = preProject
		NugetPackage\native-nuget-targets.xml = NugetPackage\native-nuget-targets.xml
		NugetPackage\NativeProject.nuspec.xml = NugetPackage\NativeProject.nuspec.xml
		NugetPackage\net-nuget-targets.xml = NugetPackage\net-nuget-targets.xml
		NugetPackage\NetProject.nuspec.xml = NugetPackage\NetProject.nuspec.xml
		NugetPackage\NuGet.Config = NugetPackage\NuGet.Config
		NugetPackage\Nuspec.xslt = NugetPackage\Nuspec.xslt
		NugetPackage\ProjectsAreNugetPackages.nuspec = NugetPackage\ProjectsAreNugetPackages.nuspec
		NugetPackage\ProjectsAreNugetPackages.props = NugetPackage\ProjectsAreNugetPackages.props
		NugetPackage\ProjectsAreNugetPackages.targets = NugetPackage\ProjectsAreNugetPackages.targets
	EndProjectSection
EndProject
Project("{FAE04EC0-301F-11D3-BF4B-00C04F79EFBC}") = "MSBuildTasks", "MSBuildTasks\MSBuildTasks.csproj", "{A1105C89-1CC9-4AE4-B83E-7513D46D1E3E}"
EndProject
Global
	GlobalSection(SolutionConfigurationPlatforms) = preSolution
		Debug|Any CPU = Debug|Any CPU
		Release|Any CPU = Release|Any CPU
	EndGlobalSection
	GlobalSection(ProjectConfigurationPlatforms) = postSolution
		{AC5D9394-9F96-43C4-BFC3-5EC38173D422}.Debug|Any CPU.ActiveCfg = Debug|Any CPU
		{AC5D9394-9F96-43C4-BFC3-5EC38173D422}.Debug|Any CPU.Build.0 = Debug|Any CPU
		{AC5D9394-9F96-43C4-BFC3-5EC38173D422}.Release|Any CPU.ActiveCfg = Release|Any CPU
		{AC5D9394-9F96-43C4-BFC3-5EC38173D422}.Release|Any CPU.Build.0 = Release|Any CPU
		{A1105C89-1CC9-4AE4-B83E-7513D46D1E3E}.Debug|Any CPU.ActiveCfg = Debug|Any CPU
		{A1105C89-1CC9-4AE4-B83E-7513D46D1E3E}.Debug|Any CPU.Build.0 = Debug|Any CPU
		{A1105C89-1CC9-4AE4-B83E-7513D46D1E3E}.Release|Any CPU.ActiveCfg = Release|Any CPU
		{A1105C89-1CC9-4AE4-B83E-7513D46D1E3E}.Release|Any CPU.Build.0 = Release|Any CPU
	EndGlobalSection
	GlobalSection(SolutionProperties) = preSolution
		HideSolutionNode = FALSE
	EndGlobalSection
EndGlobal
